// !$*UTF8*$!
{
	archiveVersion = 1;
	classes = {
	};
	objectVersion = 50;
	objects = {

/* Begin PBXBuildFile section */
		00CBFF212350A8A60039A342 /* Friends.storyboard in Resources */ = {isa = PBXBuildFile; fileRef = 00CBFF202350A8A60039A342 /* Friends.storyboard */; };
		00CBFF232350A9580039A342 /* FriendsController.swift in Sources */ = {isa = PBXBuildFile; fileRef = 00CBFF222350A9580039A342 /* FriendsController.swift */; };
		00CBFF252350A9B00039A342 /* FriendsCell.swift in Sources */ = {isa = PBXBuildFile; fileRef = 00CBFF242350A9B00039A342 /* FriendsCell.swift */; };
		780141A2234B20A000E7582F /* RegisterController.swift in Sources */ = {isa = PBXBuildFile; fileRef = 780141A1234B20A000E7582F /* RegisterController.swift */; };
		780141A4234B4EF400E7582F /* Validation.swift in Sources */ = {isa = PBXBuildFile; fileRef = 780141A3234B4EF400E7582F /* Validation.swift */; };
		780141A6234B6E0200E7582F /* LoginController.swift in Sources */ = {isa = PBXBuildFile; fileRef = 780141A5234B6E0200E7582F /* LoginController.swift */; };
		78117C8123460EEB001BF78D /* AppDelegate.swift in Sources */ = {isa = PBXBuildFile; fileRef = 78117C8023460EEB001BF78D /* AppDelegate.swift */; };
		78117C8323460EEB001BF78D /* SceneDelegate.swift in Sources */ = {isa = PBXBuildFile; fileRef = 78117C8223460EEB001BF78D /* SceneDelegate.swift */; };
		78117C8523460EEB001BF78D /* ViewController.swift in Sources */ = {isa = PBXBuildFile; fileRef = 78117C8423460EEB001BF78D /* ViewController.swift */; };
		78117C8823460EEC001BF78D /* Main.storyboard in Resources */ = {isa = PBXBuildFile; fileRef = 78117C8623460EEC001BF78D /* Main.storyboard */; };
		78117C8A23460EFA001BF78D /* Assets.xcassets in Resources */ = {isa = PBXBuildFile; fileRef = 78117C8923460EFA001BF78D /* Assets.xcassets */; };
		78117C8D23460EFA001BF78D /* LaunchScreen.storyboard in Resources */ = {isa = PBXBuildFile; fileRef = 78117C8B23460EFA001BF78D /* LaunchScreen.storyboard */; };
		78117C9823460EFB001BF78D /* MyappTests.swift in Sources */ = {isa = PBXBuildFile; fileRef = 78117C9723460EFB001BF78D /* MyappTests.swift */; };
		8411587323560CC900EB12AD /* HomeViewController.swift in Sources */ = {isa = PBXBuildFile; fileRef = 8411586723560CC900EB12AD /* HomeViewController.swift */; };
		8411587423560CC900EB12AD /* ShareViewController.swift in Sources */ = {isa = PBXBuildFile; fileRef = 8411586823560CC900EB12AD /* ShareViewController.swift */; };
		8411587523560CC900EB12AD /* FollowViewController.swift in Sources */ = {isa = PBXBuildFile; fileRef = 8411586923560CC900EB12AD /* FollowViewController.swift */; };
		8411587623560CC900EB12AD /* TabBar.storyboard in Resources */ = {isa = PBXBuildFile; fileRef = 8411586A23560CC900EB12AD /* TabBar.storyboard */; };
		8411587723560CC900EB12AD /* TabBarViewController.swift in Sources */ = {isa = PBXBuildFile; fileRef = 8411586B23560CC900EB12AD /* TabBarViewController.swift */; };
		8411587823560CC900EB12AD /* TabViewController.swift in Sources */ = {isa = PBXBuildFile; fileRef = 8411586D23560CC900EB12AD /* TabViewController.swift */; };
		8411587923560CC900EB12AD /* HomeViewController.swift in Sources */ = {isa = PBXBuildFile; fileRef = 8411586E23560CC900EB12AD /* HomeViewController.swift */; };
		8411587A23560CC900EB12AD /* SplashScreen.storyboard in Resources */ = {isa = PBXBuildFile; fileRef = 8411586F23560CC900EB12AD /* SplashScreen.storyboard */; };
		8411587B23560CC900EB12AD /* ShareViewController.swift in Sources */ = {isa = PBXBuildFile; fileRef = 8411587023560CC900EB12AD /* ShareViewController.swift */; };
		8411587C23560CC900EB12AD /* FollowViewController.swift in Sources */ = {isa = PBXBuildFile; fileRef = 8411587123560CC900EB12AD /* FollowViewController.swift */; };
		8411587D23560CC900EB12AD /* SplashController.swift in Sources */ = {isa = PBXBuildFile; fileRef = 8411587223560CC900EB12AD /* SplashController.swift */; };
		8411587F23560CD200EB12AD /* Defaults.swift in Sources */ = {isa = PBXBuildFile; fileRef = 8411587E23560CD200EB12AD /* Defaults.swift */; };
/* End PBXBuildFile section */

/* Begin PBXContainerItemProxy section */
		78117C9423460EFB001BF78D /* PBXContainerItemProxy */ = {
			isa = PBXContainerItemProxy;
			containerPortal = 78117C7523460EEB001BF78D /* Project object */;
			proxyType = 1;
			remoteGlobalIDString = 78117C7C23460EEB001BF78D;
			remoteInfo = Myapp;
		};
/* End PBXContainerItemProxy section */

/* Begin PBXFileReference section */
		00CBFF202350A8A60039A342 /* Friends.storyboard */ = {isa = PBXFileReference; lastKnownFileType = file.storyboard; path = Friends.storyboard; sourceTree = "<group>"; };
		00CBFF222350A9580039A342 /* FriendsController.swift */ = {isa = PBXFileReference; lastKnownFileType = sourcecode.swift; path = FriendsController.swift; sourceTree = "<group>"; };
		00CBFF242350A9B00039A342 /* FriendsCell.swift */ = {isa = PBXFileReference; lastKnownFileType = sourcecode.swift; path = FriendsCell.swift; sourceTree = "<group>"; };
		780141A1234B20A000E7582F /* RegisterController.swift */ = {isa = PBXFileReference; lastKnownFileType = sourcecode.swift; path = RegisterController.swift; sourceTree = "<group>"; };
		780141A3234B4EF400E7582F /* Validation.swift */ = {isa = PBXFileReference; lastKnownFileType = sourcecode.swift; path = Validation.swift; sourceTree = "<group>"; };
		780141A5234B6E0200E7582F /* LoginController.swift */ = {isa = PBXFileReference; lastKnownFileType = sourcecode.swift; path = LoginController.swift; sourceTree = "<group>"; };
		78117C7D23460EEB001BF78D /* Myapp.app */ = {isa = PBXFileReference; explicitFileType = wrapper.application; includeInIndex = 0; path = Myapp.app; sourceTree = BUILT_PRODUCTS_DIR; };
		78117C8023460EEB001BF78D /* AppDelegate.swift */ = {isa = PBXFileReference; lastKnownFileType = sourcecode.swift; path = AppDelegate.swift; sourceTree = "<group>"; };
		78117C8223460EEB001BF78D /* SceneDelegate.swift */ = {isa = PBXFileReference; lastKnownFileType = sourcecode.swift; path = SceneDelegate.swift; sourceTree = "<group>"; };
		78117C8423460EEB001BF78D /* ViewController.swift */ = {isa = PBXFileReference; lastKnownFileType = sourcecode.swift; path = ViewController.swift; sourceTree = "<group>"; };
		78117C8723460EEC001BF78D /* Base */ = {isa = PBXFileReference; lastKnownFileType = file.storyboard; name = Base; path = Base.lproj/Main.storyboard; sourceTree = "<group>"; };
		78117C8923460EFA001BF78D /* Assets.xcassets */ = {isa = PBXFileReference; lastKnownFileType = folder.assetcatalog; path = Assets.xcassets; sourceTree = "<group>"; };
		78117C8C23460EFA001BF78D /* Base */ = {isa = PBXFileReference; lastKnownFileType = file.storyboard; name = Base; path = Base.lproj/LaunchScreen.storyboard; sourceTree = "<group>"; };
		78117C8E23460EFA001BF78D /* Info.plist */ = {isa = PBXFileReference; lastKnownFileType = text.plist.xml; path = Info.plist; sourceTree = "<group>"; };
		78117C9323460EFB001BF78D /* MyappTests.xctest */ = {isa = PBXFileReference; explicitFileType = wrapper.cfbundle; includeInIndex = 0; path = MyappTests.xctest; sourceTree = BUILT_PRODUCTS_DIR; };
		78117C9723460EFB001BF78D /* MyappTests.swift */ = {isa = PBXFileReference; lastKnownFileType = sourcecode.swift; path = MyappTests.swift; sourceTree = "<group>"; };
		78117C9923460EFB001BF78D /* Info.plist */ = {isa = PBXFileReference; lastKnownFileType = text.plist.xml; path = Info.plist; sourceTree = "<group>"; };
		8411586723560CC900EB12AD /* HomeViewController.swift */ = {isa = PBXFileReference; fileEncoding = 4; lastKnownFileType = sourcecode.swift; path = HomeViewController.swift; sourceTree = "<group>"; };
		8411586823560CC900EB12AD /* ShareViewController.swift */ = {isa = PBXFileReference; fileEncoding = 4; lastKnownFileType = sourcecode.swift; path = ShareViewController.swift; sourceTree = "<group>"; };
		8411586923560CC900EB12AD /* FollowViewController.swift */ = {isa = PBXFileReference; fileEncoding = 4; lastKnownFileType = sourcecode.swift; path = FollowViewController.swift; sourceTree = "<group>"; };
		8411586A23560CC900EB12AD /* TabBar.storyboard */ = {isa = PBXFileReference; fileEncoding = 4; lastKnownFileType = file.storyboard; path = TabBar.storyboard; sourceTree = "<group>"; };
		8411586B23560CC900EB12AD /* TabBarViewController.swift */ = {isa = PBXFileReference; fileEncoding = 4; lastKnownFileType = sourcecode.swift; path = TabBarViewController.swift; sourceTree = "<group>"; };
		8411586D23560CC900EB12AD /* TabViewController.swift */ = {isa = PBXFileReference; fileEncoding = 4; lastKnownFileType = sourcecode.swift; path = TabViewController.swift; sourceTree = "<group>"; };
		8411586E23560CC900EB12AD /* HomeViewController.swift */ = {isa = PBXFileReference; fileEncoding = 4; lastKnownFileType = sourcecode.swift; path = HomeViewController.swift; sourceTree = "<group>"; };
		8411586F23560CC900EB12AD /* SplashScreen.storyboard */ = {isa = PBXFileReference; fileEncoding = 4; lastKnownFileType = file.storyboard; path = SplashScreen.storyboard; sourceTree = "<group>"; };
		8411587023560CC900EB12AD /* ShareViewController.swift */ = {isa = PBXFileReference; fileEncoding = 4; lastKnownFileType = sourcecode.swift; path = ShareViewController.swift; sourceTree = "<group>"; };
		8411587123560CC900EB12AD /* FollowViewController.swift */ = {isa = PBXFileReference; fileEncoding = 4; lastKnownFileType = sourcecode.swift; path = FollowViewController.swift; sourceTree = "<group>"; };
		8411587223560CC900EB12AD /* SplashController.swift */ = {isa = PBXFileReference; fileEncoding = 4; lastKnownFileType = sourcecode.swift; path = SplashController.swift; sourceTree = "<group>"; };
		8411587E23560CD200EB12AD /* Defaults.swift */ = {isa = PBXFileReference; fileEncoding = 4; lastKnownFileType = sourcecode.swift; path = Defaults.swift; sourceTree = "<group>"; };
/* End PBXFileReference section */

/* Begin PBXFrameworksBuildPhase section */
		78117C7A23460EEB001BF78D /* Frameworks */ = {
			isa = PBXFrameworksBuildPhase;
			buildActionMask = 2147483647;
			files = (
			);
			runOnlyForDeploymentPostprocessing = 0;
		};
		78117C9023460EFB001BF78D /* Frameworks */ = {
			isa = PBXFrameworksBuildPhase;
			buildActionMask = 2147483647;
			files = (
			);
			runOnlyForDeploymentPostprocessing = 0;
		};
/* End PBXFrameworksBuildPhase section */

/* Begin PBXGroup section */
		00CBFF1F2350A8630039A342 /* ListView */ = {
			isa = PBXGroup;
			children = (
				00CBFF202350A8A60039A342 /* Friends.storyboard */,
				00CBFF222350A9580039A342 /* FriendsController.swift */,
				00CBFF242350A9B00039A342 /* FriendsCell.swift */,
			);
			path = ListView;
			sourceTree = "<group>";
		};
		78117C7423460EEB001BF78D = {
			isa = PBXGroup;
			children = (
				78117C7F23460EEB001BF78D /* Myapp */,
				78117C9623460EFB001BF78D /* MyappTests */,
				78117C7E23460EEB001BF78D /* Products */,
			);
			sourceTree = "<group>";
		};
		78117C7E23460EEB001BF78D /* Products */ = {
			isa = PBXGroup;
			children = (
				78117C7D23460EEB001BF78D /* Myapp.app */,
				78117C9323460EFB001BF78D /* MyappTests.xctest */,
			);
			name = Products;
			sourceTree = "<group>";
		};
		78117C7F23460EEB001BF78D /* Myapp */ = {
			isa = PBXGroup;
			children = (
				00CBFF1F2350A8630039A342 /* ListView */,
				78117C8023460EEB001BF78D /* AppDelegate.swift */,
				78117C8223460EEB001BF78D /* SceneDelegate.swift */,
				78117C8423460EEB001BF78D /* ViewController.swift */,
				780141A5234B6E0200E7582F /* LoginController.swift */,
				780141A3234B4EF400E7582F /* Validation.swift */,
				780141A1234B20A000E7582F /* RegisterController.swift */,
				8411587E23560CD200EB12AD /* Defaults.swift */,
				78117C8623460EEC001BF78D /* Main.storyboard */,
				78117C8923460EFA001BF78D /* Assets.xcassets */,
				78117C8B23460EFA001BF78D /* LaunchScreen.storyboard */,
				78117C8E23460EFA001BF78D /* Info.plist */,
				8411586C23560CC900EB12AD /* TabBar */,
				8411586623560CC900EB12AD /* TabBarFile */,
			);
			path = Myapp;
			sourceTree = "<group>";
		};
		78117C9623460EFB001BF78D /* MyappTests */ = {
			isa = PBXGroup;
			children = (
				78117C9723460EFB001BF78D /* MyappTests.swift */,
				78117C9923460EFB001BF78D /* Info.plist */,
			);
			path = MyappTests;
			sourceTree = "<group>";
		};
		8411586623560CC900EB12AD /* TabBarFile */ = {
			isa = PBXGroup;
			children = (
				8411586723560CC900EB12AD /* HomeViewController.swift */,
				8411586823560CC900EB12AD /* ShareViewController.swift */,
				8411586923560CC900EB12AD /* FollowViewController.swift */,
				8411586A23560CC900EB12AD /* TabBar.storyboard */,
				8411586B23560CC900EB12AD /* TabBarViewController.swift */,
			);
			path = TabBarFile;
			sourceTree = "<group>";
		};
		8411586C23560CC900EB12AD /* TabBar */ = {
			isa = PBXGroup;
			children = (
				8411586D23560CC900EB12AD /* TabViewController.swift */,
				8411586E23560CC900EB12AD /* HomeViewController.swift */,
				8411586F23560CC900EB12AD /* SplashScreen.storyboard */,
				8411587023560CC900EB12AD /* ShareViewController.swift */,
				8411587123560CC900EB12AD /* FollowViewController.swift */,
				8411587223560CC900EB12AD /* SplashController.swift */,
			);
			path = TabBar;
			sourceTree = "<group>";
		};
/* End PBXGroup section */

/* Begin PBXNativeTarget section */
		78117C7C23460EEB001BF78D /* Myapp */ = {
			isa = PBXNativeTarget;
			buildConfigurationList = 78117C9C23460EFB001BF78D /* Build configuration list for PBXNativeTarget "Myapp" */;
			buildPhases = (
				78117C7923460EEB001BF78D /* Sources */,
				78117C7A23460EEB001BF78D /* Frameworks */,
				78117C7B23460EEB001BF78D /* Resources */,
			);
			buildRules = (
			);
			dependencies = (
			);
			name = Myapp;
			productName = Myapp;
			productReference = 78117C7D23460EEB001BF78D /* Myapp.app */;
			productType = "com.apple.product-type.application";
		};
		78117C9223460EFB001BF78D /* MyappTests */ = {
			isa = PBXNativeTarget;
			buildConfigurationList = 78117C9F23460EFB001BF78D /* Build configuration list for PBXNativeTarget "MyappTests" */;
			buildPhases = (
				78117C8F23460EFB001BF78D /* Sources */,
				78117C9023460EFB001BF78D /* Frameworks */,
				78117C9123460EFB001BF78D /* Resources */,
			);
			buildRules = (
			);
			dependencies = (
				78117C9523460EFB001BF78D /* PBXTargetDependency */,
			);
			name = MyappTests;
			productName = MyappTests;
			productReference = 78117C9323460EFB001BF78D /* MyappTests.xctest */;
			productType = "com.apple.product-type.bundle.unit-test";
		};
/* End PBXNativeTarget section */

/* Begin PBXProject section */
		78117C7523460EEB001BF78D /* Project object */ = {
			isa = PBXProject;
			attributes = {
				LastSwiftUpdateCheck = 1100;
				LastUpgradeCheck = 1100;
				ORGANIZATIONNAME = deemsys;
				TargetAttributes = {
					78117C7C23460EEB001BF78D = {
						CreatedOnToolsVersion = 11.0;
					};
					78117C9223460EFB001BF78D = {
						CreatedOnToolsVersion = 11.0;
						TestTargetID = 78117C7C23460EEB001BF78D;
					};
				};
			};
			buildConfigurationList = 78117C7823460EEB001BF78D /* Build configuration list for PBXProject "Myapp" */;
			compatibilityVersion = "Xcode 9.3";
			developmentRegion = en;
			hasScannedForEncodings = 0;
			knownRegions = (
				en,
				Base,
			);
			mainGroup = 78117C7423460EEB001BF78D;
			productRefGroup = 78117C7E23460EEB001BF78D /* Products */;
			projectDirPath = "";
			projectRoot = "";
			targets = (
				78117C7C23460EEB001BF78D /* Myapp */,
				78117C9223460EFB001BF78D /* MyappTests */,
			);
		};
/* End PBXProject section */

/* Begin PBXResourcesBuildPhase section */
		78117C7B23460EEB001BF78D /* Resources */ = {
			isa = PBXResourcesBuildPhase;
			buildActionMask = 2147483647;
			files = (
				8411587623560CC900EB12AD /* TabBar.storyboard in Resources */,
				8411587A23560CC900EB12AD /* SplashScreen.storyboard in Resources */,
				78117C8D23460EFA001BF78D /* LaunchScreen.storyboard in Resources */,
				00CBFF212350A8A60039A342 /* Friends.storyboard in Resources */,
				78117C8A23460EFA001BF78D /* Assets.xcassets in Resources */,
				78117C8823460EEC001BF78D /* Main.storyboard in Resources */,
			);
			runOnlyForDeploymentPostprocessing = 0;
		};
		78117C9123460EFB001BF78D /* Resources */ = {
			isa = PBXResourcesBuildPhase;
			buildActionMask = 2147483647;
			files = (
			);
			runOnlyForDeploymentPostprocessing = 0;
		};
/* End PBXResourcesBuildPhase section */

/* Begin PBXSourcesBuildPhase section */
		78117C7923460EEB001BF78D /* Sources */ = {
			isa = PBXSourcesBuildPhase;
			buildActionMask = 2147483647;
			files = (
				780141A2234B20A000E7582F /* RegisterController.swift in Sources */,
				8411587423560CC900EB12AD /* ShareViewController.swift in Sources */,
				00CBFF252350A9B00039A342 /* FriendsCell.swift in Sources */,
				8411587523560CC900EB12AD /* FollowViewController.swift in Sources */,
				00CBFF232350A9580039A342 /* FriendsController.swift in Sources */,
				8411587C23560CC900EB12AD /* FollowViewController.swift in Sources */,
				8411587923560CC900EB12AD /* HomeViewController.swift in Sources */,
				8411587B23560CC900EB12AD /* ShareViewController.swift in Sources */,
				8411587D23560CC900EB12AD /* SplashController.swift in Sources */,
				780141A6234B6E0200E7582F /* LoginController.swift in Sources */,
				8411587F23560CD200EB12AD /* Defaults.swift in Sources */,
				78117C8523460EEB001BF78D /* ViewController.swift in Sources */,
				8411587323560CC900EB12AD /* HomeViewController.swift in Sources */,
				78117C8123460EEB001BF78D /* AppDelegate.swift in Sources */,
				780141A4234B4EF400E7582F /* Validation.swift in Sources */,
				8411587723560CC900EB12AD /* TabBarViewController.swift in Sources */,
				8411587823560CC900EB12AD /* TabViewController.swift in Sources */,
				78117C8323460EEB001BF78D /* SceneDelegate.swift in Sources */,
			);
			runOnlyForDeploymentPostprocessing = 0;
		};
		78117C8F23460EFB001BF78D /* Sources */ = {
			isa = PBXSourcesBuildPhase;
			buildActionMask = 2147483647;
			files = (
				78117C9823460EFB001BF78D /* MyappTests.swift in Sources */,
			);
			runOnlyForDeploymentPostprocessing = 0;
		};
/* End PBXSourcesBuildPhase section */

/* Begin PBXTargetDependency section */
		78117C9523460EFB001BF78D /* PBXTargetDependency */ = {
			isa = PBXTargetDependency;
			target = 78117C7C23460EEB001BF78D /* Myapp */;
			targetProxy = 78117C9423460EFB001BF78D /* PBXContainerItemProxy */;
		};
/* End PBXTargetDependency section */

/* Begin PBXVariantGroup section */
		78117C8623460EEC001BF78D /* Main.storyboard */ = {
			isa = PBXVariantGroup;
			children = (
				78117C8723460EEC001BF78D /* Base */,
			);
			name = Main.storyboard;
			sourceTree = "<group>";
		};
		78117C8B23460EFA001BF78D /* LaunchScreen.storyboard */ = {
			isa = PBXVariantGroup;
			children = (
				78117C8C23460EFA001BF78D /* Base */,
			);
			name = LaunchScreen.storyboard;
			sourceTree = "<group>";
		};
/* End PBXVariantGroup section */

/* Begin XCBuildConfiguration section */
		78117C9A23460EFB001BF78D /* Debug */ = {
			isa = XCBuildConfiguration;
			buildSettings = {
				ALWAYS_SEARCH_USER_PATHS = NO;
				CLANG_ANALYZER_NONNULL = YES;
				CLANG_ANALYZER_NUMBER_OBJECT_CONVERSION = YES_AGGRESSIVE;
				CLANG_CXX_LANGUAGE_STANDARD = "gnu++14";
				CLANG_CXX_LIBRARY = "libc++";
				CLANG_ENABLE_MODULES = YES;
				CLANG_ENABLE_OBJC_ARC = YES;
				CLANG_ENABLE_OBJC_WEAK = YES;
				CLANG_WARN_BLOCK_CAPTURE_AUTORELEASING = YES;
				CLANG_WARN_BOOL_CONVERSION = YES;
				CLANG_WARN_COMMA = YES;
				CLANG_WARN_CONSTANT_CONVERSION = YES;
				CLANG_WARN_DEPRECATED_OBJC_IMPLEMENTATIONS = YES;
				CLANG_WARN_DIRECT_OBJC_ISA_USAGE = YES_ERROR;
				CLANG_WARN_DOCUMENTATION_COMMENTS = YES;
				CLANG_WARN_EMPTY_BODY = YES;
				CLANG_WARN_ENUM_CONVERSION = YES;
				CLANG_WARN_INFINITE_RECURSION = YES;
				CLANG_WARN_INT_CONVERSION = YES;
				CLANG_WARN_NON_LITERAL_NULL_CONVERSION = YES;
				CLANG_WARN_OBJC_IMPLICIT_RETAIN_SELF = YES;
				CLANG_WARN_OBJC_LITERAL_CONVERSION = YES;
				CLANG_WARN_OBJC_ROOT_CLASS = YES_ERROR;
				CLANG_WARN_RANGE_LOOP_ANALYSIS = YES;
				CLANG_WARN_STRICT_PROTOTYPES = YES;
				CLANG_WARN_SUSPICIOUS_MOVE = YES;
				CLANG_WARN_UNGUARDED_AVAILABILITY = YES_AGGRESSIVE;
				CLANG_WARN_UNREACHABLE_CODE = YES;
				CLANG_WARN__DUPLICATE_METHOD_MATCH = YES;
				COPY_PHASE_STRIP = NO;
				DEBUG_INFORMATION_FORMAT = dwarf;
				ENABLE_STRICT_OBJC_MSGSEND = YES;
				ENABLE_TESTABILITY = YES;
				GCC_C_LANGUAGE_STANDARD = gnu11;
				GCC_DYNAMIC_NO_PIC = NO;
				GCC_NO_COMMON_BLOCKS = YES;
				GCC_OPTIMIZATION_LEVEL = 0;
				GCC_PREPROCESSOR_DEFINITIONS = (
					"DEBUG=1",
					"$(inherited)",
				);
				GCC_WARN_64_TO_32_BIT_CONVERSION = YES;
				GCC_WARN_ABOUT_RETURN_TYPE = YES_ERROR;
				GCC_WARN_UNDECLARED_SELECTOR = YES;
				GCC_WARN_UNINITIALIZED_AUTOS = YES_AGGRESSIVE;
				GCC_WARN_UNUSED_FUNCTION = YES;
				GCC_WARN_UNUSED_VARIABLE = YES;
				IPHONEOS_DEPLOYMENT_TARGET = 13.0;
				MTL_ENABLE_DEBUG_INFO = INCLUDE_SOURCE;
				MTL_FAST_MATH = YES;
				ONLY_ACTIVE_ARCH = YES;
				SDKROOT = iphoneos;
				SWIFT_ACTIVE_COMPILATION_CONDITIONS = DEBUG;
				SWIFT_OPTIMIZATION_LEVEL = "-Onone";
			};
			name = Debug;
		};
		78117C9B23460EFB001BF78D /* Release */ = {
			isa = XCBuildConfiguration;
			buildSettings = {
				ALWAYS_SEARCH_USER_PATHS = NO;
				CLANG_ANALYZER_NONNULL = YES;
				CLANG_ANALYZER_NUMBER_OBJECT_CONVERSION = YES_AGGRESSIVE;
				CLANG_CXX_LANGUAGE_STANDARD = "gnu++14";
				CLANG_CXX_LIBRARY = "libc++";
				CLANG_ENABLE_MODULES = YES;
				CLANG_ENABLE_OBJC_ARC = YES;
				CLANG_ENABLE_OBJC_WEAK = YES;
				CLANG_WARN_BLOCK_CAPTURE_AUTORELEASING = YES;
				CLANG_WARN_BOOL_CONVERSION = YES;
				CLANG_WARN_COMMA = YES;
				CLANG_WARN_CONSTANT_CONVERSION = YES;
				CLANG_WARN_DEPRECATED_OBJC_IMPLEMENTATIONS = YES;
				CLANG_WARN_DIRECT_OBJC_ISA_USAGE = YES_ERROR;
				CLANG_WARN_DOCUMENTATION_COMMENTS = YES;
				CLANG_WARN_EMPTY_BODY = YES;
				CLANG_WARN_ENUM_CONVERSION = YES;
				CLANG_WARN_INFINITE_RECURSION = YES;
				CLANG_WARN_INT_CONVERSION = YES;
				CLANG_WARN_NON_LITERAL_NULL_CONVERSION = YES;
				CLANG_WARN_OBJC_IMPLICIT_RETAIN_SELF = YES;
				CLANG_WARN_OBJC_LITERAL_CONVERSION = YES;
				CLANG_WARN_OBJC_ROOT_CLASS = YES_ERROR;
				CLANG_WARN_RANGE_LOOP_ANALYSIS = YES;
				CLANG_WARN_STRICT_PROTOTYPES = YES;
				CLANG_WARN_SUSPICIOUS_MOVE = YES;
				CLANG_WARN_UNGUARDED_AVAILABILITY = YES_AGGRESSIVE;
				CLANG_WARN_UNREACHABLE_CODE = YES;
				CLANG_WARN__DUPLICATE_METHOD_MATCH = YES;
				COPY_PHASE_STRIP = NO;
				DEBUG_INFORMATION_FORMAT = "dwarf-with-dsym";
				ENABLE_NS_ASSERTIONS = NO;
				ENABLE_STRICT_OBJC_MSGSEND = YES;
				GCC_C_LANGUAGE_STANDARD = gnu11;
				GCC_NO_COMMON_BLOCKS = YES;
				GCC_WARN_64_TO_32_BIT_CONVERSION = YES;
				GCC_WARN_ABOUT_RETURN_TYPE = YES_ERROR;
				GCC_WARN_UNDECLARED_SELECTOR = YES;
				GCC_WARN_UNINITIALIZED_AUTOS = YES_AGGRESSIVE;
				GCC_WARN_UNUSED_FUNCTION = YES;
				GCC_WARN_UNUSED_VARIABLE = YES;
				IPHONEOS_DEPLOYMENT_TARGET = 13.0;
				MTL_ENABLE_DEBUG_INFO = NO;
				MTL_FAST_MATH = YES;
				SDKROOT = iphoneos;
				SWIFT_COMPILATION_MODE = wholemodule;
				SWIFT_OPTIMIZATION_LEVEL = "-O";
				VALIDATE_PRODUCT = YES;
			};
			name = Release;
		};
		78117C9D23460EFB001BF78D /* Debug */ = {
			isa = XCBuildConfiguration;
			buildSettings = {
				ASSETCATALOG_COMPILER_APPICON_NAME = AppIcon;
				CODE_SIGN_STYLE = Automatic;
				DEVELOPMENT_TEAM = 6N5EE6FZH9;
				INFOPLIST_FILE = Myapp/Info.plist;
				LD_RUNPATH_SEARCH_PATHS = (
					"$(inherited)",
					"@executable_path/Frameworks",
				);
				PRODUCT_BUNDLE_IDENTIFIER = com.deemsysinc.Myapp;
				PRODUCT_NAME = "$(TARGET_NAME)";
				SWIFT_VERSION = 5.0;
				TARGETED_DEVICE_FAMILY = "1,2";
			};
			name = Debug;
		};
		78117C9E23460EFB001BF78D /* Release */ = {
			isa = XCBuildConfiguration;
			buildSettings = {
				ASSETCATALOG_COMPILER_APPICON_NAME = AppIcon;
				CODE_SIGN_STYLE = Automatic;
				DEVELOPMENT_TEAM = 6N5EE6FZH9;
				INFOPLIST_FILE = Myapp/Info.plist;
				LD_RUNPATH_SEARCH_PATHS = (
					"$(inherited)",
					"@executable_path/Frameworks",
				);
				PRODUCT_BUNDLE_IDENTIFIER = com.deemsysinc.Myapp;
				PRODUCT_NAME = "$(TARGET_NAME)";
				SWIFT_VERSION = 5.0;
				TARGETED_DEVICE_FAMILY = "1,2";
			};
			name = Release;
		};
		78117CA023460EFB001BF78D /* Debug */ = {
			isa = XCBuildConfiguration;
			buildSettings = {
				ALWAYS_EMBED_SWIFT_STANDARD_LIBRARIES = YES;
				BUNDLE_LOADER = "$(TEST_HOST)";
				CODE_SIGN_STYLE = Automatic;
				DEVELOPMENT_TEAM = 6N5EE6FZH9;
				INFOPLIST_FILE = MyappTests/Info.plist;
				IPHONEOS_DEPLOYMENT_TARGET = 13.0;
				LD_RUNPATH_SEARCH_PATHS = (
					"$(inherited)",
					"@executable_path/Frameworks",
					"@loader_path/Frameworks",
				);
				PRODUCT_BUNDLE_IDENTIFIER = com.deemsysinc.MyappTests;
				PRODUCT_NAME = "$(TARGET_NAME)";
				SWIFT_VERSION = 5.0;
				TARGETED_DEVICE_FAMILY = "1,2";
				TEST_HOST = "$(BUILT_PRODUCTS_DIR)/Myapp.app/Myapp";
			};
			name = Debug;
		};
		78117CA123460EFB001BF78D /* Release */ = {
			isa = XCBuildConfiguration;
			buildSettings = {
				ALWAYS_EMBED_SWIFT_STANDARD_LIBRARIES = YES;
				BUNDLE_LOADER = "$(TEST_HOST)";
				CODE_SIGN_STYLE = Automatic;
				DEVELOPMENT_TEAM = 6N5EE6FZH9;
				INFOPLIST_FILE = MyappTests/Info.plist;
				IPHONEOS_DEPLOYMENT_TARGET = 13.0;
				LD_RUNPATH_SEARCH_PATHS = (
					"$(inherited)",
					"@executable_path/Frameworks",
					"@loader_path/Frameworks",
				);
				PRODUCT_BUNDLE_IDENTIFIER = com.deemsysinc.MyappTests;
				PRODUCT_NAME = "$(TARGET_NAME)";
				SWIFT_VERSION = 5.0;
				TARGETED_DEVICE_FAMILY = "1,2";
				TEST_HOST = "$(BUILT_PRODUCTS_DIR)/Myapp.app/Myapp";
			};
			name = Release;
		};
/* End XCBuildConfiguration section */

/* Begin XCConfigurationList section */
		78117C7823460EEB001BF78D /* Build configuration list for PBXProject "Myapp" */ = {
			isa = XCConfigurationList;
			buildConfigurations = (
				78117C9A23460EFB001BF78D /* Debug */,
				78117C9B23460EFB001BF78D /* Release */,
			);
			defaultConfigurationIsVisible = 0;
			defaultConfigurationName = Release;
		};
		78117C9C23460EFB001BF78D /* Build configuration list for PBXNativeTarget "Myapp" */ = {
			isa = XCConfigurationList;
			buildConfigurations = (
				78117C9D23460EFB001BF78D /* Debug */,
				78117C9E23460EFB001BF78D /* Release */,
			);
			defaultConfigurationIsVisible = 0;
			defaultConfigurationName = Release;
		};
		78117C9F23460EFB001BF78D /* Build configuration list for PBXNativeTarget "MyappTests" */ = {
			isa = XCConfigurationList;
			buildConfigurations = (
				78117CA023460EFB001BF78D /* Debug */,
				78117CA123460EFB001BF78D /* Release */,
			);
			defaultConfigurationIsVisible = 0;
			defaultConfigurationName = Release;
		};
/* End XCConfigurationList section */
	};
	rootObject = 78117C7523460EEB001BF78D /* Project object */;
}
